// !$*UTF8*$!
{
	archiveVersion = 1;
	classes = {
	};
	objectVersion = 50;
	objects = {

/* Begin PBXBuildFile section */
		695AAABC223CCF1000B5CDF8 /* AppDelegate.swift in Sources */ = {isa = PBXBuildFile; fileRef = 695AAABB223CCF1000B5CDF8 /* AppDelegate.swift */; };
		695AAABE223CCF1000B5CDF8 /* ViewController.swift in Sources */ = {isa = PBXBuildFile; fileRef = 695AAABD223CCF1000B5CDF8 /* ViewController.swift */; };
		695AAAC1223CCF1000B5CDF8 /* Main.storyboard in Resources */ = {isa = PBXBuildFile; fileRef = 695AAABF223CCF1000B5CDF8 /* Main.storyboard */; };
		695AAAC3223CCF1200B5CDF8 /* Assets.xcassets in Resources */ = {isa = PBXBuildFile; fileRef = 695AAAC2223CCF1200B5CDF8 /* Assets.xcassets */; };
		695AAAC6223CCF1200B5CDF8 /* LaunchScreen.storyboard in Resources */ = {isa = PBXBuildFile; fileRef = 695AAAC4223CCF1200B5CDF8 /* LaunchScreen.storyboard */; };
/* End PBXBuildFile section */

/* Begin PBXFileReference section */
		695AAAB8223CCF1000B5CDF8 /* Accelerometron.app */ = {isa = PBXFileReference; explicitFileType = wrapper.application; includeInIndex = 0; path = Accelerometron.app; sourceTree = BUILT_PRODUCTS_DIR; };
		695AAABB223CCF1000B5CDF8 /* AppDelegate.swift */ = {isa = PBXFileReference; lastKnownFileType = sourcecode.swift; path = AppDelegate.swift; sourceTree = "<group>"; };
		695AAABD223CCF1000B5CDF8 /* ViewController.swift */ = {isa = PBXFileReference; lastKnownFileType = sourcecode.swift; path = ViewController.swift; sourceTree = "<group>"; };
		695AAAC0223CCF1000B5CDF8 /* Base */ = {isa = PBXFileReference; lastKnownFileType = file.storyboard; name = Base; path = Base.lproj/Main.storyboard; sourceTree = "<group>"; };
		695AAAC2223CCF1200B5CDF8 /* Assets.xcassets */ = {isa = PBXFileReference; lastKnownFileType = folder.assetcatalog; path = Assets.xcassets; sourceTree = "<group>"; };
		695AAAC5223CCF1200B5CDF8 /* Base */ = {isa = PBXFileReference; lastKnownFileType = file.storyboard; name = Base; path = Base.lproj/LaunchScreen.storyboard; sourceTree = "<group>"; };
		695AAAC7223CCF1200B5CDF8 /* Info.plist */ = {isa = PBXFileReference; lastKnownFileType = text.plist.xml; path = Info.plist; sourceTree = "<group>"; };
/* End PBXFileReference section */

/* Begin PBXFrameworksBuildPhase section */
		695AAAB5223CCF1000B5CDF8 /* Frameworks */ = {
			isa = PBXFrameworksBuildPhase;
			buildActionMask = 2147483647;
			files = (
			);
			runOnlyForDeploymentPostprocessing = 0;
		};
/* End PBXFrameworksBuildPhase section */

/* Begin PBXGroup section */
		695AAAAF223CCF1000B5CDF8 = {
			isa = PBXGroup;
			children = (
				695AAABA223CCF1000B5CDF8 /* Accelerometron */,
				695AAAB9223CCF1000B5CDF8 /* Products */,
			);
			sourceTree = "<group>";
		};
		695AAAB9223CCF1000B5CDF8 /* Products */ = {
			isa = PBXGroup;
			children = (
				695AAAB8223CCF1000B5CDF8 /* Accelerometron.app */,
			);
			name = Products;
			sourceTree = "<group>";
		};
		695AAABA223CCF1000B5CDF8 /* Accelerometron */ = {
			isa = PBXGroup;
			children = (
				695AAABB223CCF1000B5CDF8 /* AppDelegate.swift */,
				695AAABD223CCF1000B5CDF8 /* ViewController.swift */,
				695AAABF223CCF1000B5CDF8 /* Main.storyboard */,
				695AAAC2223CCF1200B5CDF8 /* Assets.xcassets */,
				695AAAC4223CCF1200B5CDF8 /* LaunchScreen.storyboard */,
				695AAAC7223CCF1200B5CDF8 /* Info.plist */,
			);
			path = Accelerometron;
			sourceTree = "<group>";
		};
/* End PBXGroup section */

/* Begin PBXNativeTarget section */
		695AAAB7223CCF1000B5CDF8 /* Accelerometron */ = {
			isa = PBXNativeTarget;
			buildConfigurationList = 695AAACA223CCF1200B5CDF8 /* Build configuration list for PBXNativeTarget "Accelerometron" */;
			buildPhases = (
				695AAAB4223CCF1000B5CDF8 /* Sources */,
				695AAAB5223CCF1000B5CDF8 /* Frameworks */,
				695AAAB6223CCF1000B5CDF8 /* Resources */,
			);
			buildRules = (
			);
			dependencies = (
			);
			name = Accelerometron;
			productName = Accelerometron;
			productReference = 695AAAB8223CCF1000B5CDF8 /* Accelerometron.app */;
			productType = "com.apple.product-type.application";
		};
/* End PBXNativeTarget section */

/* Begin PBXProject section */
		695AAAB0223CCF1000B5CDF8 /* Project object */ = {
			isa = PBXProject;
			attributes = {
				LastSwiftUpdateCheck = 1010;
				LastUpgradeCheck = 1010;
				ORGANIZATIONNAME = "Jay Raval";
				TargetAttributes = {
					695AAAB7223CCF1000B5CDF8 = {
						CreatedOnToolsVersion = 10.1;
					};
				};
			};
			buildConfigurationList = 695AAAB3223CCF1000B5CDF8 /* Build configuration list for PBXProject "Accelerometron" */;
			compatibilityVersion = "Xcode 9.3";
			developmentRegion = en;
			hasScannedForEncodings = 0;
			knownRegions = (
				en,
				Base,
			);
			mainGroup = 695AAAAF223CCF1000B5CDF8;
			productRefGroup = 695AAAB9223CCF1000B5CDF8 /* Products */;
			projectDirPath = "";
			projectRoot = "";
			targets = (
				695AAAB7223CCF1000B5CDF8 /* Accelerometron */,
			);
		};
/* End PBXProject section */

/* Begin PBXResourcesBuildPhase section */
		695AAAB6223CCF1000B5CDF8 /* Resources */ = {
			isa = PBXResourcesBuildPhase;
			buildActionMask = 2147483647;
			files = (
				695AAAC6223CCF1200B5CDF8 /* LaunchScreen.storyboard in Resources */,
				695AAAC3223CCF1200B5CDF8 /* Assets.xcassets in Resources */,
				695AAAC1223CCF1000B5CDF8 /* Main.storyboard in Resources */,
			);
			runOnlyForDeploymentPostprocessing = 0;
		};
/* End PBXResourcesBuildPhase section */

/* Begin PBXSourcesBuildPhase section */
		695AAAB4223CCF1000B5CDF8 /* Sources */ = {
			isa = PBXSourcesBuildPhase;
			buildActionMask = 2147483647;
			files = (
				695AAABE223CCF1000B5CDF8 /* ViewController.swift in Sources */,
				695AAABC223CCF1000B5CDF8 /* AppDelegate.swift in Sources */,
			);
			runOnlyForDeploymentPostprocessing = 0;
		};
/* End PBXSourcesBuildPhase section */

/* Begin PBXVariantGroup section */
		695AAABF223CCF1000B5CDF8 /* Main.storyboard */ = {
			isa = PBXVariantGroup;
			children = (
				695AAAC0223CCF1000B5CDF8 /* Base */,
			);
			name = Main.storyboard;
			sourceTree = "<group>";
		};
		695AAAC4223CCF1200B5CDF8 /* LaunchScreen.storyboard */ = {
			isa = PBXVariantGroup;
			children = (
				695AAAC5223CCF1200B5CDF8 /* Base */,
			);
			name = LaunchScreen.storyboard;
			sourceTree = "<group>";
		};
/* End PBXVariantGroup section */

/* Begin XCBuildConfiguration section */
		695AAAC8223CCF1200B5CDF8 /* Debug */ = {
			isa = XCBuildConfiguration;
			buildSettings = {
				ALWAYS_SEARCH_USER_PATHS = NO;
				CLANG_ANALYZER_NONNULL = YES;
				CLANG_ANALYZER_NUMBER_OBJECT_CONVERSION = YES_AGGRESSIVE;
				CLANG_CXX_LANGUAGE_STANDARD = "gnu++14";
				CLANG_CXX_LIBRARY = "libc++";
				CLANG_ENABLE_MODULES = YES;
				CLANG_ENABLE_OBJC_ARC = YES;
				CLANG_ENABLE_OBJC_WEAK = YES;
				CLANG_WARN_BLOCK_CAPTURE_AUTORELEASING = YES;
				CLANG_WARN_BOOL_CONVERSION = YES;
				CLANG_WARN_COMMA = YES;
				CLANG_WARN_CONSTANT_CONVERSION = YES;
				CLANG_WARN_DEPRECATED_OBJC_IMPLEMENTATIONS = YES;
				CLANG_WARN_DIRECT_OBJC_ISA_USAGE = YES_ERROR;
				CLANG_WARN_DOCUMENTATION_COMMENTS = YES;
				CLANG_WARN_EMPTY_BODY = YES;
				CLANG_WARN_ENUM_CONVERSION = YES;
				CLANG_WARN_INFINITE_RECURSION = YES;
				CLANG_WARN_INT_CONVERSION = YES;
				CLANG_WARN_NON_LITERAL_NULL_CONVERSION = YES;
				CLANG_WARN_OBJC_IMPLICIT_RETAIN_SELF = YES;
				CLANG_WARN_OBJC_LITERAL_CONVERSION = YES;
				CLANG_WARN_OBJC_ROOT_CLASS = YES_ERROR;
				CLANG_WARN_RANGE_LOOP_ANALYSIS = YES;
				CLANG_WARN_STRICT_PROTOTYPES = YES;
				CLANG_WARN_SUSPICIOUS_MOVE = YES;
				CLANG_WARN_UNGUARDED_AVAILABILITY = YES_AGGRESSIVE;
				CLANG_WARN_UNREACHABLE_CODE = YES;
				CLANG_WARN__DUPLICATE_METHOD_MATCH = YES;
				CODE_SIGN_IDENTITY = "iPhone Developer";
				COPY_PHASE_STRIP = NO;
				DEBUG_INFORMATION_FORMAT = dwarf;
				ENABLE_STRICT_OBJC_MSGSEND = YES;
				ENABLE_TESTABILITY = YES;
				GCC_C_LANGUAGE_STANDARD = gnu11;
				GCC_DYNAMIC_NO_PIC = NO;
				GCC_NO_COMMON_BLOCKS = YES;
				GCC_OPTIMIZATION_LEVEL = 0;
				GCC_PREPROCESSOR_DEFINITIONS = (
					"DEBUG=1",
					"$(inherited)",
				);
				GCC_WARN_64_TO_32_BIT_CONVERSION = YES;
				GCC_WARN_ABOUT_RETURN_TYPE = YES_ERROR;
				GCC_WARN_UNDECLARED_SELECTOR = YES;
				GCC_WARN_UNINITIALIZED_AUTOS = YES_AGGRESSIVE;
				GCC_WARN_UNUSED_FUNCTION = YES;
				GCC_WARN_UNUSED_VARIABLE = YES;
				IPHONEOS_DEPLOYMENT_TARGET = 12.1;
				MTL_ENABLE_DEBUG_INFO = INCLUDE_SOURCE;
				MTL_FAST_MATH = YES;
				ONLY_ACTIVE_ARCH = YES;
				SDKROOT = iphoneos;
				SWIFT_ACTIVE_COMPILATION_CONDITIONS = DEBUG;
				SWIFT_OPTIMIZATION_LEVEL = "-Onone";
			};
			name = Debug;
		};
		695AAAC9223CCF1200B5CDF8 /* Release */ = {
			isa = XCBuildConfiguration;
			buildSettings = {
				ALWAYS_SEARCH_USER_PATHS = NO;
				CLANG_ANALYZER_NONNULL = YES;
				CLANG_ANALYZER_NUMBER_OBJECT_CONVERSION = YES_AGGRESSIVE;
				CLANG_CXX_LANGUAGE_STANDARD = "gnu++14";
				CLANG_CXX_LIBRARY = "libc++";
				CLANG_ENABLE_MODULES = YES;
				CLANG_ENABLE_OBJC_ARC = YES;
				CLANG_ENABLE_OBJC_WEAK = YES;
				CLANG_WARN_BLOCK_CAPTURE_AUTORELEASING = YES;
				CLANG_WARN_BOOL_CONVERSION = YES;
				CLANG_WARN_COMMA = YES;
				CLANG_WARN_CONSTANT_CONVERSION = YES;
				CLANG_WARN_DEPRECATED_OBJC_IMPLEMENTATIONS = YES;
				CLANG_WARN_DIRECT_OBJC_ISA_USAGE = YES_ERROR;
				CLANG_WARN_DOCUMENTATION_COMMENTS = YES;
				CLANG_WARN_EMPTY_BODY = YES;
				CLANG_WARN_ENUM_CONVERSION = YES;
				CLANG_WARN_INFINITE_RECURSION = YES;
				CLANG_WARN_INT_CONVERSION = YES;
				CLANG_WARN_NON_LITERAL_NULL_CONVERSION = YES;
				CLANG_WARN_OBJC_IMPLICIT_RETAIN_SELF = YES;
				CLANG_WARN_OBJC_LITERAL_CONVERSION = YES;
				CLANG_WARN_OBJC_ROOT_CLASS = YES_ERROR;
				CLANG_WARN_RANGE_LOOP_ANALYSIS = YES;
				CLANG_WARN_STRICT_PROTOTYPES = YES;
				CLANG_WARN_SUSPICIOUS_MOVE = YES;
				CLANG_WARN_UNGUARDED_AVAILABILITY = YES_AGGRESSIVE;
				CLANG_WARN_UNREACHABLE_CODE = YES;
				CLANG_WARN__DUPLICATE_METHOD_MATCH = YES;
				CODE_SIGN_IDENTITY = "iPhone Developer";
				COPY_PHASE_STRIP = NO;
				DEBUG_INFORMATION_FORMAT = "dwarf-with-dsym";
				ENABLE_NS_ASSERTIONS = NO;
				ENABLE_STRICT_OBJC_MSGSEND = YES;
				GCC_C_LANGUAGE_STANDARD = gnu11;
				GCC_NO_COMMON_BLOCKS = YES;
				GCC_WARN_64_TO_32_BIT_CONVERSION = YES;
				GCC_WARN_ABOUT_RETURN_TYPE = YES_ERROR;
				GCC_WARN_UNDECLARED_SELECTOR = YES;
				GCC_WARN_UNINITIALIZED_AUTOS = YES_AGGRESSIVE;
				GCC_WARN_UNUSED_FUNCTION = YES;
				GCC_WARN_UNUSED_VARIABLE = YES;
				IPHONEOS_DEPLOYMENT_TARGET = 12.1;
				MTL_ENABLE_DEBUG_INFO = NO;
				MTL_FAST_MATH = YES;
				SDKROOT = iphoneos;
				SWIFT_COMPILATION_MODE = wholemodule;
				SWIFT_OPTIMIZATION_LEVEL = "-O";
				VALIDATE_PRODUCT = YES;
			};
			name = Release;
		};
		695AAACB223CCF1200B5CDF8 /* Debug */ = {
			isa = XCBuildConfiguration;
			buildSettings = {
				ASSETCATALOG_COMPILER_APPICON_NAME = AppIcon;
				CODE_SIGN_STYLE = Automatic;
				DEVELOPMENT_TEAM = S65G778W79;
				INFOPLIST_FILE = Accelerometron/Info.plist;
				LD_RUNPATH_SEARCH_PATHS = (
					"$(inherited)",
					"@executable_path/Frameworks",
				);
				PRODUCT_BUNDLE_IDENTIFIER = com.JRTech.Accelerometron;
				PRODUCT_NAME = "$(TARGET_NAME)";
				SWIFT_VERSION = 4.2;
				TARGETED_DEVICE_FAMILY = "1,2";
			};
			name = Debug;
		};
		695AAACC223CCF1200B5CDF8 /* Release */ = {
			isa = XCBuildConfiguration;
			buildSettings = {
				ASSETCATALOG_COMPILER_APPICON_NAME = AppIcon;
				CODE_SIGN_STYLE = Automatic;
				DEVELOPMENT_TEAM = S65G778W79;
				INFOPLIST_FILE = Accelerometron/Info.plist;
				LD_RUNPATH_SEARCH_PATHS = (
					"$(inherited)",
					"@executable_path/Frameworks",
				);
				PRODUCT_BUNDLE_IDENTIFIER = com.JRTech.Accelerometron;
				PRODUCT_NAME = "$(TARGET_NAME)";
				SWIFT_VERSION = 4.2;
				TARGETED_DEVICE_FAMILY = "1,2";
			};
			name = Release;
		};
/* End XCBuildConfiguration section */

/* Begin XCConfigurationList section */
		695AAAB3223CCF1000B5CDF8 /* Build configuration list for PBXProject "Accelerometron" */ = {
			isa = XCConfigurationList;
			buildConfigurations = (
				695AAAC8223CCF1200B5CDF8 /* Debug */,
				695AAAC9223CCF1200B5CDF8 /* Release */,
			);
			defaultConfigurationIsVisible = 0;
			defaultConfigurationName = Release;
		};
		695AAACA223CCF1200B5CDF8 /* Build configuration list for PBXNativeTarget "Accelerometron" */ = {
			isa = XCConfigurationList;
			buildConfigurations = (
				695AAACB223CCF1200B5CDF8 /* Debug */,
				695AAACC223CCF1200B5CDF8 /* Release */,
			);
			defaultConfigurationIsVisible = 0;
			defaultConfigurationName = Release;
		};
/* End XCConfigurationList section */
	};
	rootObject = 695AAAB0223CCF1000B5CDF8 /* Project object */;
}
